
Microsoft Visual Studio Solution File, Format Version 12.00
# Visual Studio Version 17
VisualStudioVersion = 17.14.37502.11 d17.14
MinimumVisualStudioVersion = 10.0.40219.1
Project("{FAE04EC0-301F-11D3-BF4B-00C04F79EFBC}") = "CapaModelo_prototipoumg2k26", "CapaModelo_prototipoumg2k26\CapaModelo_prototipoumg2k26.csproj", "{6BAE752C-7703-49F7-94C0-D2A66BB10CAD}"
EndProject
Project("{FAE04EC0-301F-11D3-BF4B-00C04F79EFBC}") = "CapaControlador_prototipoumg2k26", "CapaControlador_prototipoumg2k26\CapaControlador_prototipoumg2k26.csproj", "{4316D6D9-C1DF-4731-BA94-47E7A5F2BDEA}"
EndProject
Project("{FAE04EC0-301F-11D3-BF4B-00C04F79EFBC}") = "CapaVista_prototipoumg2k26", "CapaVista_prototipoumg2k26\CapaVista_prototipoumg2k26.csproj", "{0F8CE43D-799B-47BB-83BC-26E885CFC0A8}"
EndProject
Global
	GlobalSection(SolutionConfigurationPlatforms) = preSolution
		Debug|Any CPU = Debug|Any CPU
		Release|Any CPU = Release|Any CPU
	EndGlobalSection
	GlobalSection(ProjectConfigurationPlatforms) = postSolution
		{6BAE752C-7703-49F7-94C0-D2A66BB10CAD}.Debug|Any CPU.ActiveCfg = Debug|Any CPU
		{6BAE752C-7703-49F7-94C0-D2A66BB10CAD}.Debug|Any CPU.Build.0 = Debug|Any CPU
		{6BAE752C-7703-49F7-94C0-D2A66BB10CAD}.Release|Any CPU.ActiveCfg = Release|Any CPU
		{6BAE752C-7703-49F7-94C0-D2A66BB10CAD}.Release|Any CPU.Build.0 = Release|Any CPU
		{4316D6D9-C1DF-4731-BA94-47E7A5F2BDEA}.Debug|Any CPU.ActiveCfg = Debug|Any CPU
		{4316D6D9-C1DF-4731-BA94-47E7A5F2BDEA}.Debug|Any CPU.Build.0 = Debug|Any CPU
		{4316D6D9-C1DF-4731-BA94-47E7A5F2BDEA}.Release|Any CPU.ActiveCfg = Release|Any CPU
		{4316D6D9-C1DF-4731-BA94-47E7A5F2BDEA}.Release|Any CPU.Build.0 = Release|Any CPU
		{0F8CE43D-799B-47BB-83BC-26E885CFC0A8}.Debug|Any CPU.ActiveCfg = Debug|Any CPU
		{0F8CE43D-799B-47BB-83BC-26E885CFC0A8}.Debug|Any CPU.Build.0 = Debug|Any CPU
		{0F8CE43D-799B-47BB-83BC-26E885CFC0A8}.Release|Any CPU.ActiveCfg = Release|Any CPU
		{0F8CE43D-799B-47BB-83BC-26E885CFC0A8}.Release|Any CPU.Build.0 = Release|Any CPU
	EndGlobalSection
	GlobalSection(SolutionProperties) = preSolution
		HideSolutionNode = FALSE
	EndGlobalSection
	GlobalSection(ExtensibilityGlobals) = postSolution
		SolutionGuid = {AE21215B-CC7E-4EF8-B44F-4320B33BEE2A}
	EndGlobalSection
EndGlobal
